{
  "name": "lazyload-image-vue",
  "version": "0.0.0",
  "lockfileVersion": 1,
  "requires": true,
  "dependencies": {
    "@algolia/cache-browser-local-storage": {
      "version": "4.11.0",
      "resolved": "https://registry.npmmirror.com/@algolia/cache-browser-local-storage/download/@algolia/cache-browser-local-storage-4.11.0.tgz?cache=0&sync_timestamp=1634739114540&other_urls=https%3A%2F%2Fregistry.npmmirror.com%2F%40algolia%2Fcache-browser-local-storage%2Fdownload%2F%40algolia%2Fcache-browser-local-storage-4.11.0.tgz",
      "integrity": "sha1-HBaK3QCzmKhg22yGA54zsoQ6lCU=",
      "requires": {
        "@algolia/cache-common": "4.11.0"
      }
    },
    "@algolia/cache-common": {
      "version": "4.11.0",
      "resolved": "https://registry.npmmirror.com/@algolia/cache-common/download/@algolia/cache-common-4.11.0.tgz?cache=0&sync_timestamp=1634739115168&other_urls=https%3A%2F%2Fregistry.npmmirror.com%2F%40algolia%2Fcache-common%2Fdownload%2F%40algolia%2Fcache-common-4.11.0.tgz",
      "integrity": "sha1-Bm/m1YsY5LAo2++buN4HxeIqNZQ="
    },
    "@algolia/cache-in-memory": {
      "version": "4.11.0",
      "resolved": "https://registry.npmmirror.com/@algolia/cache-in-memory/download/@algolia/cache-in-memory-4.11.0.tgz",
      "integrity": "sha1-djyMtlXm/SJhWI4EIU/KCVmsB8E=",
      "requires": {
        "@algolia/cache-common": "4.11.0"
      }
    },
    "@algolia/client-account": {
      "version": "4.11.0",
      "resolved": "https://registry.npmmirror.com/@algolia/client-account/download/@algolia/client-account-4.11.0.tgz",
      "integrity": "sha1-Z/rdOwgCsBPrqqS0e7e6uuiSN04=",
      "requires": {
        "@algolia/client-common": "4.11.0",
        "@algolia/client-search": "4.11.0",
        "@algolia/transporter": "4.11.0"
      }
    },
    "@algolia/client-analytics": {
      "version": "4.11.0",
      "resolved": "https://registry.npmmirror.com/@algolia/client-analytics/download/@algolia/client-analytics-4.11.0.tgz",
      "integrity": "sha1-y9yBKCBeLadJyvx55UcI0UxBOXQ=",
      "requires": {
        "@algolia/client-common": "4.11.0",
        "@algolia/client-search": "4.11.0",
        "@algolia/requester-common": "4.11.0",
        "@algolia/transporter": "4.11.0"
      }
    },
    "@algolia/client-common": {
      "version": "4.11.0",
      "resolved": "https://registry.npmmirror.com/@algolia/client-common/download/@algolia/client-common-4.11.0.tgz",
      "integrity": "sha1-mi0fb46q0lul1tTOMHulvYTm+Zk=",
      "requires": {
        "@algolia/requester-common": "4.11.0",
        "@algolia/transporter": "4.11.0"
      }
    },
    "@algolia/client-personalization": {
      "version": "4.11.0",
      "resolved": "https://registry.npmmirror.com/@algolia/client-personalization/download/@algolia/client-personalization-4.11.0.tgz",
      "integrity": "sha1-078Odg+F34drS69bgZlvCqOlmUA=",
      "requires": {
        "@algolia/client-common": "4.11.0",
        "@algolia/requester-common": "4.11.0",
        "@algolia/transporter": "4.11.0"
      }
    },
    "@algolia/client-search": {
      "version": "4.11.0",
      "resolved": "https://registry.npmmirror.com/@algolia/client-search/download/@algolia/client-search-4.11.0.tgz",
      "integrity": "sha1-wRBdcVoqBLonIx7KhvXWYg9o9K4=",
      "requires": {
        "@algolia/client-common": "4.11.0",
        "@algolia/requester-common": "4.11.0",
        "@algolia/transporter": "4.11.0"
      }
    },
    "@algolia/logger-common": {
      "version": "4.11.0",
      "resolved": "https://registry.npmmirror.com/@algolia/logger-common/download/@algolia/logger-common-4.11.0.tgz",
      "integrity": "sha1-usHC1Z0p3uN4tXQSyO3UNbl95mM="
    },
    "@algolia/logger-console": {
      "version": "4.11.0",
      "resolved": "https://registry.npmmirror.com/@algolia/logger-console/download/@algolia/logger-console-4.11.0.tgz",
      "integrity": "sha1-ztGeOrsi63gu1SaNUe+1qp7xCe8=",
      "requires": {
        "@algolia/logger-common": "4.11.0"
      }
    },
    "@algolia/requester-browser-xhr": {
      "version": "4.11.0",
      "resolved": "https://registry.npmmirror.com/@algolia/requester-browser-xhr/download/@algolia/requester-browser-xhr-4.11.0.tgz",
      "integrity": "sha1-+eGtVvGFQyqo3ejK1Tricf1dYYE=",
      "requires": {
        "@algolia/requester-common": "4.11.0"
      }
    },
    "@algolia/requester-common": {
      "version": "4.11.0",
      "resolved": "https://registry.npmmirror.com/@algolia/requester-common/download/@algolia/requester-common-4.11.0.tgz",
      "integrity": "sha1-0W3pjT/3JDS6w55NkV6rCANZRqk="
    },
    "@algolia/requester-node-http": {
      "version": "4.11.0",
      "resolved": "https://registry.npmmirror.com/@algolia/requester-node-http/download/@algolia/requester-node-http-4.11.0.tgz",
      "integrity": "sha1-vrK2to1fTOFa7IDt5iPwrJaZE2g=",
      "requires": {
        "@algolia/requester-common": "4.11.0"
      }
    },
    "@algolia/transporter": {
      "version": "4.11.0",
      "resolved": "https://registry.npmmirror.com/@algolia/transporter/download/@algolia/transporter-4.11.0.tgz",
      "integrity": "sha1-qN48FzCTzs6wKya1dzlc47PUuW8=",
      "requires": {
        "@algolia/cache-common": "4.11.0",
        "@algolia/logger-common": "4.11.0",
        "@algolia/requester-common": "4.11.0"
      }
    },
    "@antfu/utils": {
      "version": "0.3.0",
      "resolved": "https://registry.nlark.com/@antfu/utils/download/@antfu/utils-0.3.0.tgz",
      "integrity": "sha1-YwbEO1Kog72Olz4+2N1kJIQYvMQ=",
      "dev": true,
      "requires": {
        "@types/throttle-debounce": "^2.1.0"
      }
    },
    "@babel/parser": {
      "version": "7.15.8",
      "resolved": "https://registry.npmmirror.com/@babel/parser/download/@babel/parser-7.15.8.tgz",
      "integrity": "sha1-e6zcvnG9w/+TbVEMFdzqfPC5kBY="
    },
    "@docsearch/css": {
      "version": "1.0.0-alpha.28",
      "resolved": "https://registry.npmmirror.com/@docsearch/css/download/@docsearch/css-1.0.0-alpha.28.tgz",
      "integrity": "sha1-yKLNjBuzpoVcUYkunb2rXUL+biM="
    },
    "@docsearch/js": {
      "version": "1.0.0-alpha.28",
      "resolved": "https://registry.npmmirror.com/@docsearch/js/download/@docsearch/js-1.0.0-alpha.28.tgz",
      "integrity": "sha1-8P3nuKax4dinrh52VcQ9lZtFeys=",
      "requires": {
        "@docsearch/react": "^1.0.0-alpha.28",
        "preact": "^10.0.0"
      }
    },
    "@docsearch/react": {
      "version": "1.0.0-alpha.28",
      "resolved": "https://registry.npmmirror.com/@docsearch/react/download/@docsearch/react-1.0.0-alpha.28.tgz",
      "integrity": "sha1-TwOe15+LMzKxmldneyGa68UBDp0=",
      "requires": {
        "@docsearch/css": "^1.0.0-alpha.28",
        "@francoischalifour/autocomplete-core": "^1.0.0-alpha.28",
        "@francoischalifour/autocomplete-preset-algolia": "^1.0.0-alpha.28",
        "algoliasearch": "^4.0.0"
      }
    },
    "@francoischalifour/autocomplete-core": {
      "version": "1.0.0-alpha.28",
      "resolved": "https://registry.nlark.com/@francoischalifour/autocomplete-core/download/@francoischalifour/autocomplete-core-1.0.0-alpha.28.tgz",
      "integrity": "sha1-a52EkSiOd/gx6bNF1GFiOw0/UAU="
    },
    "@francoischalifour/autocomplete-preset-algolia": {
      "version": "1.0.0-alpha.28",
      "resolved": "https://registry.nlark.com/@francoischalifour/autocomplete-preset-algolia/download/@francoischalifour/autocomplete-preset-algolia-1.0.0-alpha.28.tgz",
      "integrity": "sha1-pa15lvQuQ+Ssu04AENZjdG0OmZc="
    },
    "@nodelib/fs.scandir": {
      "version": "2.1.5",
      "resolved": "https://registry.nlark.com/@nodelib/fs.scandir/download/@nodelib/fs.scandir-2.1.5.tgz?cache=0&sync_timestamp=1622792706054&other_urls=https%3A%2F%2Fregistry.nlark.com%2F%40nodelib%2Ffs.scandir%2Fdownload%2F%40nodelib%2Ffs.scandir-2.1.5.tgz",
      "integrity": "sha1-dhnC6yGyVIP20WdUi0z9WnSIw9U=",
      "dev": true,
      "requires": {
        "@nodelib/fs.stat": "2.0.5",
        "run-parallel": "^1.1.9"
      }
    },
    "@nodelib/fs.stat": {
      "version": "2.0.5",
      "resolved": "https://registry.nlark.com/@nodelib/fs.stat/download/@nodelib/fs.stat-2.0.5.tgz?cache=0&other_urls=https%3A%2F%2Fregistry.nlark.com%2F%40nodelib%2Ffs.stat%2Fdownload%2F%40nodelib%2Ffs.stat-2.0.5.tgz",
      "integrity": "sha1-W9Jir5Tp0lvR5xsF3u1Eh2oiLos=",
      "dev": true
    },
    "@nodelib/fs.walk": {
      "version": "1.2.8",
      "resolved": "https://registry.nlark.com/@nodelib/fs.walk/download/@nodelib/fs.walk-1.2.8.tgz?cache=0&sync_timestamp=1625769910390&other_urls=https%3A%2F%2Fregistry.nlark.com%2F%40nodelib%2Ffs.walk%2Fdownload%2F%40nodelib%2Ffs.walk-1.2.8.tgz",
      "integrity": "sha1-6Vc36LtnRt3t9pxVaVNJTxlv5po=",
      "dev": true,
      "requires": {
        "@nodelib/fs.scandir": "2.1.5",
        "fastq": "^1.6.0"
      }
    },
    "@types/throttle-debounce": {
      "version": "2.1.0",
      "resolved": "https://registry.nlark.com/@types/throttle-debounce/download/@types/throttle-debounce-2.1.0.tgz",
      "integrity": "sha1-HD32JL/Eti+ZLTASuExW1B6rN3Y=",
      "dev": true
    },
    "@vitejs/plugin-vue": {
      "version": "1.9.3",
      "resolved": "https://registry.npmmirror.com/@vitejs/plugin-vue/download/@vitejs/plugin-vue-1.9.3.tgz",
      "integrity": "sha1-k9YYk85scj0CCa8Eg+yLkaLNgR8="
    },
    "@vue/compiler-core": {
      "version": "3.2.20",
      "resolved": "https://registry.npmmirror.com/@vue/compiler-core/download/@vue/compiler-core-3.2.20.tgz?cache=0&sync_timestamp=1633712761777&other_urls=https%3A%2F%2Fregistry.npmmirror.com%2F%40vue%2Fcompiler-core%2Fdownload%2F%40vue%2Fcompiler-core-3.2.20.tgz",
      "integrity": "sha1-r1o8UjeBiDWw0L6DfrWIWo0hwWA=",
      "requires": {
        "@babel/parser": "^7.15.0",
        "@vue/shared": "3.2.20",
        "estree-walker": "^2.0.2",
        "source-map": "^0.6.1"
      }
    },
    "@vue/compiler-dom": {
      "version": "3.2.20",
      "resolved": "https://registry.npmmirror.com/@vue/compiler-dom/download/@vue/compiler-dom-3.2.20.tgz?cache=0&sync_timestamp=1633712762936&other_urls=https%3A%2F%2Fregistry.npmmirror.com%2F%40vue%2Fcompiler-dom%2Fdownload%2F%40vue%2Fcompiler-dom-3.2.20.tgz",
      "integrity": "sha1-jg7zVEScD69BUZsAv8IEXq4B3LU=",
      "requires": {
        "@vue/compiler-core": "3.2.20",
        "@vue/shared": "3.2.20"
      }
    },
    "@vue/compiler-sfc": {
      "version": "3.2.20",
      "resolved": "https://registry.npmmirror.com/@vue/compiler-sfc/download/@vue/compiler-sfc-3.2.20.tgz?cache=0&sync_timestamp=1633712762379&other_urls=https%3A%2F%2Fregistry.npmmirror.com%2F%40vue%2Fcompiler-sfc%2Fdownload%2F%40vue%2Fcompiler-sfc-3.2.20.tgz",
      "integrity": "sha1-LXZo528GbFZt18CcFcmszk6Hbgo=",
      "requires": {
        "@babel/parser": "^7.15.0",
        "@vue/compiler-core": "3.2.20",
        "@vue/compiler-dom": "3.2.20",
        "@vue/compiler-ssr": "3.2.20",
        "@vue/ref-transform": "3.2.20",
        "@vue/shared": "3.2.20",
        "estree-walker": "^2.0.2",
        "magic-string": "^0.25.7",
        "postcss": "^8.1.10",
        "source-map": "^0.6.1"
      }
    },
    "@vue/compiler-ssr": {
      "version": "3.2.20",
      "resolved": "https://registry.npmmirror.com/@vue/compiler-ssr/download/@vue/compiler-ssr-3.2.20.tgz?cache=0&sync_timestamp=1633712764229&other_urls=https%3A%2F%2Fregistry.npmmirror.com%2F%40vue%2Fcompiler-ssr%2Fdownload%2F%40vue%2Fcompiler-ssr-3.2.20.tgz",
      "integrity": "sha1-nM62Jh2ZMstVaCAmEMHCj4bF5SE=",
      "requires": {
        "@vue/compiler-dom": "3.2.20",
        "@vue/shared": "3.2.20"
      }
    },
    "@vue/devtools-api": {
      "version": "6.0.0-beta.19",
      "resolved": "https://registry.npmmirror.com/@vue/devtools-api/download/@vue/devtools-api-6.0.0-beta.19.tgz",
      "integrity": "sha1-+OiAWdqkJFFZkkJqDH6lzeB+mb8="
    },
    "@vue/reactivity": {
      "version": "3.2.20",
      "resolved": "https://registry.npmmirror.com/@vue/reactivity/download/@vue/reactivity-3.2.20.tgz?cache=0&sync_timestamp=1633712763526&other_urls=https%3A%2F%2Fregistry.npmmirror.com%2F%40vue%2Freactivity%2Fdownload%2F%40vue%2Freactivity-3.2.20.tgz",
      "integrity": "sha1-gf4cNo5/ILwOwd7BBFu+4lNYLeg=",
      "requires": {
        "@vue/shared": "3.2.20"
      }
    },
    "@vue/ref-transform": {
      "version": "3.2.20",
      "resolved": "https://registry.npmmirror.com/@vue/ref-transform/download/@vue/ref-transform-3.2.20.tgz?cache=0&sync_timestamp=1633712763825&other_urls=https%3A%2F%2Fregistry.npmmirror.com%2F%40vue%2Fref-transform%2Fdownload%2F%40vue%2Fref-transform-3.2.20.tgz",
      "integrity": "sha1-KlnskMr45cczZ3agkAv/CouBwJA=",
      "requires": {
        "@babel/parser": "^7.15.0",
        "@vue/compiler-core": "3.2.20",
        "@vue/shared": "3.2.20",
        "estree-walker": "^2.0.2",
        "magic-string": "^0.25.7"
      }
    },
    "@vue/runtime-core": {
      "version": "3.2.20",
      "resolved": "https://registry.npmmirror.com/@vue/runtime-core/download/@vue/runtime-core-3.2.20.tgz?cache=0&sync_timestamp=1633712764609&other_urls=https%3A%2F%2Fregistry.npmmirror.com%2F%40vue%2Fruntime-core%2Fdownload%2F%40vue%2Fruntime-core-3.2.20.tgz",
      "integrity": "sha1-j2PpVqP4j7dyVBRDxFp3ASEQEss=",
      "requires": {
        "@vue/reactivity": "3.2.20",
        "@vue/shared": "3.2.20"
      }
    },
    "@vue/runtime-dom": {
      "version": "3.2.20",
      "resolved": "https://registry.npmmirror.com/@vue/runtime-dom/download/@vue/runtime-dom-3.2.20.tgz?cache=0&sync_timestamp=1633712766458&other_urls=https%3A%2F%2Fregistry.npmmirror.com%2F%40vue%2Fruntime-dom%2Fdownload%2F%40vue%2Fruntime-dom-3.2.20.tgz",
      "integrity": "sha1-iqVq5sMPnNSnHKDp7DxL3GcUjRU=",
      "requires": {
        "@vue/runtime-core": "3.2.20",
        "@vue/shared": "3.2.20",
        "csstype": "^2.6.8"
      }
    },
    "@vue/server-renderer": {
      "version": "3.2.20",
      "resolved": "https://registry.npmmirror.com/@vue/server-renderer/download/@vue/server-renderer-3.2.20.tgz?cache=0&sync_timestamp=1633712766117&other_urls=https%3A%2F%2Fregistry.npmmirror.com%2F%40vue%2Fserver-renderer%2Fdownload%2F%40vue%2Fserver-renderer-3.2.20.tgz",
      "integrity": "sha1-cF4HrpQlEysrYifTCKUaE/TU7IE=",
      "requires": {
        "@vue/compiler-ssr": "3.2.20",
        "@vue/shared": "3.2.20"
      }
    },
    "@vue/shared": {
      "version": "3.2.20",
      "resolved": "https://registry.npmmirror.com/@vue/shared/download/@vue/shared-3.2.20.tgz?cache=0&sync_timestamp=1633712765807&other_urls=https%3A%2F%2Fregistry.npmmirror.com%2F%40vue%2Fshared%2Fdownload%2F%40vue%2Fshared-3.2.20.tgz",
      "integrity": "sha1-U3RpYfcxqOpmbjMWJx6UQjjcMds="
    },
    "@windicss/config": {
      "version": "1.4.12",
      "resolved": "https://registry.npmmirror.com/@windicss/config/download/@windicss/config-1.4.12.tgz",
      "integrity": "sha1-MoQv4Am2QXawBMg6k8UYkGYELDM=",
      "dev": true,
      "requires": {
        "debug": "^4.3.2",
        "jiti": "^1.12.9",
        "windicss": "^3.1.9"
      }
    },
    "@windicss/plugin-utils": {
      "version": "1.4.12",
      "resolved": "https://registry.npmmirror.com/@windicss/plugin-utils/download/@windicss/plugin-utils-1.4.12.tgz",
      "integrity": "sha1-mSk2kBjIZg7i8hjEfPpLg/UXTFk=",
      "dev": true,
      "requires": {
        "@antfu/utils": "^0.3.0",
        "@windicss/config": "1.4.12",
        "debug": "^4.3.2",
        "fast-glob": "^3.2.7",
        "magic-string": "^0.25.7",
        "micromatch": "^4.0.4",
        "windicss": "^3.1.9"
      }
    },
    "algoliasearch": {
      "version": "4.11.0",
      "resolved": "https://registry.npmmirror.com/algoliasearch/download/algoliasearch-4.11.0.tgz?cache=0&sync_timestamp=1634738174058&other_urls=https%3A%2F%2Fregistry.npmmirror.com%2Falgoliasearch%2Fdownload%2Falgoliasearch-4.11.0.tgz",
      "integrity": "sha1-I0vvs6w1XAlAd/Dt83dyQLHuATw=",
      "requires": {
        "@algolia/cache-browser-local-storage": "4.11.0",
        "@algolia/cache-common": "4.11.0",
        "@algolia/cache-in-memory": "4.11.0",
        "@algolia/client-account": "4.11.0",
        "@algolia/client-analytics": "4.11.0",
        "@algolia/client-common": "4.11.0",
        "@algolia/client-personalization": "4.11.0",
        "@algolia/client-search": "4.11.0",
        "@algolia/logger-common": "4.11.0",
        "@algolia/logger-console": "4.11.0",
        "@algolia/requester-browser-xhr": "4.11.0",
        "@algolia/requester-common": "4.11.0",
        "@algolia/requester-node-http": "4.11.0",
        "@algolia/transporter": "4.11.0"
      }
    },
    "ansi-styles": {
      "version": "4.3.0",
      "resolved": "https://registry.nlark.com/ansi-styles/download/ansi-styles-4.3.0.tgz",
      "integrity": "sha1-7dgDYornHATIWuegkG7a00tkiTc=",
      "dev": true,
      "requires": {
        "color-convert": "^2.0.1"
      }
    },
    "braces": {
      "version": "3.0.2",
      "resolved": "https://registry.npm.taobao.org/braces/download/braces-3.0.2.tgz",
      "integrity": "sha1-NFThpGLujVmeI23zNs2epPiv4Qc=",
      "dev": true,
      "requires": {
        "fill-range": "^7.0.1"
      }
    },
    "chalk": {
      "version": "4.1.2",
      "resolved": "https://registry.nlark.com/chalk/download/chalk-4.1.2.tgz?cache=0&sync_timestamp=1627646734234&other_urls=https%3A%2F%2Fregistry.nlark.com%2Fchalk%2Fdownload%2Fchalk-4.1.2.tgz",
      "integrity": "sha1-qsTit3NKdAhnrrFr8CqtVWoeegE=",
      "dev": true,
      "requires": {
        "ansi-styles": "^4.1.0",
        "supports-color": "^7.1.0"
      }
    },
    "color-convert": {
      "version": "2.0.1",
      "resolved": "https://registry.nlark.com/color-convert/download/color-convert-2.0.1.tgz",
      "integrity": "sha1-ctOmjVmMm9s68q0ehPIdiWq9TeM=",
      "dev": true,
      "requires": {
        "color-name": "~1.1.4"
      }
    },
    "color-name": {
      "version": "1.1.4",
      "resolved": "https://registry.nlark.com/color-name/download/color-name-1.1.4.tgz",
      "integrity": "sha1-wqCah6y95pVD3m9j+jmVyCbFNqI=",
      "dev": true
    },
    "csstype": {
      "version": "2.6.18",
      "resolved": "https://registry.nlark.com/csstype/download/csstype-2.6.18.tgz?cache=0&sync_timestamp=1631540658518&other_urls=https%3A%2F%2Fregistry.nlark.com%2Fcsstype%2Fdownload%2Fcsstype-2.6.18.tgz",
      "integrity": "sha1-mAqLUwhfNK8xNBCvBk8r0kF4Qhg="
    },
    "debug": {
      "version": "4.3.2",
      "resolved": "https://registry.nlark.com/debug/download/debug-4.3.2.tgz",
      "integrity": "sha1-8KScGKyHeeMdSgxgKd+3aHPHQos=",
      "dev": true,
      "requires": {
        "ms": "2.1.2"
      }
    },
    "esbuild": {
      "version": "0.13.9",
      "resolved": "https://registry.npmmirror.com/esbuild/download/esbuild-0.13.9.tgz",
      "integrity": "sha1-qvxLM3WsRDrnsiPCbE5Y0Q0tU1s=",
      "requires": {
        "esbuild-android-arm64": "0.13.9",
        "esbuild-darwin-64": "0.13.9",
        "esbuild-darwin-arm64": "0.13.9",
        "esbuild-freebsd-64": "0.13.9",
        "esbuild-freebsd-arm64": "0.13.9",
        "esbuild-linux-32": "0.13.9",
        "esbuild-linux-64": "0.13.9",
        "esbuild-linux-arm": "0.13.9",
        "esbuild-linux-arm64": "0.13.9",
        "esbuild-linux-mips64le": "0.13.9",
        "esbuild-linux-ppc64le": "0.13.9",
        "esbuild-netbsd-64": "0.13.9",
        "esbuild-openbsd-64": "0.13.9",
        "esbuild-sunos-64": "0.13.9",
        "esbuild-windows-32": "0.13.9",
        "esbuild-windows-64": "0.13.9",
        "esbuild-windows-arm64": "0.13.9"
      }
    },
    "esbuild-android-arm64": {
      "version": "0.13.9",
      "resolved": "https://registry.npmmirror.com/esbuild-android-arm64/download/esbuild-android-arm64-0.13.9.tgz",
      "integrity": "sha1-bMSgxiMzLAgwoxHd2CQrH0lv+UA=",
      "optional": true
    },
    "esbuild-darwin-64": {
      "version": "0.13.9",
      "resolved": "https://registry.npmmirror.com/esbuild-darwin-64/download/esbuild-darwin-64-0.13.9.tgz",
      "integrity": "sha1-30QpfCQ4AyzaKyFUioK7AH4hBcw=",
      "optional": true
    },
    "esbuild-darwin-arm64": {
      "version": "0.13.9",
      "resolved": "https://registry.npmmirror.com/esbuild-darwin-arm64/download/esbuild-darwin-arm64-0.13.9.tgz",
      "integrity": "sha1-cE70BKajjtoZDUDtNU5/LByDkIE=",
      "optional": true
    },
    "esbuild-freebsd-64": {
      "version": "0.13.9",
      "resolved": "https://registry.npmmirror.com/esbuild-freebsd-64/download/esbuild-freebsd-64-0.13.9.tgz",
      "integrity": "sha1-+78iyZ4V8n0PihoEDXlhqG8NOk4=",
      "optional": true
    },
    "esbuild-freebsd-arm64": {
      "version": "0.13.9",
      "resolved": "https://registry.npmmirror.com/esbuild-freebsd-arm64/download/esbuild-freebsd-arm64-0.13.9.tgz",
      "integrity": "sha1-gJ//TENlPbvwcf/On4CgMLJ4CY4=",
      "optional": true
    },
    "esbuild-linux-32": {
      "version": "0.13.9",
      "resolved": "https://registry.npmmirror.com/esbuild-linux-32/download/esbuild-linux-32-0.13.9.tgz",
      "integrity": "sha1-+f00I0geUWdOmBfV7qJWiYiaX1o=",
      "optional": true
    },
    "esbuild-linux-64": {
      "version": "0.13.9",
      "resolved": "https://registry.npmmirror.com/esbuild-linux-64/download/esbuild-linux-64-0.13.9.tgz",
      "integrity": "sha1-nX9mhm2uGrr/fLw3SfKEfV+3L9U=",
      "optional": true
    },
    "esbuild-linux-arm": {
      "version": "0.13.9",
      "resolved": "https://registry.npmmirror.com/esbuild-linux-arm/download/esbuild-linux-arm-0.13.9.tgz",
      "integrity": "sha1-w861bsDj29GjqJ3KbLf8DKNgvMg=",
      "optional": true
    },
    "esbuild-linux-arm64": {
      "version": "0.13.9",
      "resolved": "https://registry.npmmirror.com/esbuild-linux-arm64/download/esbuild-linux-arm64-0.13.9.tgz",
      "integrity": "sha1-ZpIC5xuc7U0oW/0dad6UjgE6wo8=",
      "optional": true
    },
    "esbuild-linux-mips64le": {
      "version": "0.13.9",
      "resolved": "https://registry.npmmirror.com/esbuild-linux-mips64le/download/esbuild-linux-mips64le-0.13.9.tgz?cache=0&sync_timestamp=1635081045760&other_urls=https%3A%2F%2Fregistry.npmmirror.com%2Fesbuild-linux-mips64le%2Fdownload%2Fesbuild-linux-mips64le-0.13.9.tgz",
      "integrity": "sha1-v0vTie4Utnxcd2aZUvLeayzIoAM=",
      "optional": true
    },
    "esbuild-linux-ppc64le": {
      "version": "0.13.9",
      "resolved": "https://registry.npmmirror.com/esbuild-linux-ppc64le/download/esbuild-linux-ppc64le-0.13.9.tgz",
      "integrity": "sha1-Rlt73HBXfaYGs7XUYwKCkrbYNK0=",
      "optional": true
    },
    "esbuild-netbsd-64": {
      "version": "0.13.9",
      "resolved": "https://registry.npmmirror.com/esbuild-netbsd-64/download/esbuild-netbsd-64-0.13.9.tgz",
      "integrity": "sha1-lPLavoNSAGbMHh+uPs/3hpWo67E=",
      "optional": true
    },
    "esbuild-openbsd-64": {
      "version": "0.13.9",
      "resolved": "https://registry.npmmirror.com/esbuild-openbsd-64/download/esbuild-openbsd-64-0.13.9.tgz?cache=0&sync_timestamp=1635081046655&other_urls=https%3A%2F%2Fregistry.npmmirror.com%2Fesbuild-openbsd-64%2Fdownload%2Fesbuild-openbsd-64-0.13.9.tgz",
      "integrity": "sha1-tH9qZByjc1iu7bK3xLtz3QaCxtU=",
      "optional": true
    },
    "esbuild-sunos-64": {
      "version": "0.13.9",
      "resolved": "https://registry.npmmirror.com/esbuild-sunos-64/download/esbuild-sunos-64-0.13.9.tgz",
      "integrity": "sha1-sN9KMWt8mOtJD0vQ2zgc8sORrnM=",
      "optional": true
    },
    "esbuild-windows-32": {
      "version": "0.13.9",
      "resolved": "https://registry.npmmirror.com/esbuild-windows-32/download/esbuild-windows-32-0.13.9.tgz",
      "integrity": "sha1-4ilWPhNOY0+XSMyDFcaR4gEyWe8=",
      "optional": true
    },
    "esbuild-windows-64": {
      "version": "0.13.9",
      "resolved": "https://registry.npmmirror.com/esbuild-windows-64/download/esbuild-windows-64-0.13.9.tgz",
      "integrity": "sha1-EDrT8T4aDkSTS5HzWOgd0gG4azQ=",
      "optional": true
    },
    "esbuild-windows-arm64": {
      "version": "0.13.9",
      "resolved": "https://registry.npmmirror.com/esbuild-windows-arm64/download/esbuild-windows-arm64-0.13.9.tgz",
      "integrity": "sha1-VFu1iEgAglizObGwD8/pLIW8clE=",
      "optional": true
    },
    "estree-walker": {
      "version": "2.0.2",
      "resolved": "https://registry.nlark.com/estree-walker/download/estree-walker-2.0.2.tgz",
      "integrity": "sha1-UvAQF4wqTBF6d1fP6UKtt9LaTKw="
    },
    "fast-glob": {
      "version": "3.2.7",
      "resolved": "https://registry.nlark.com/fast-glob/download/fast-glob-3.2.7.tgz",
      "integrity": "sha1-/Wy3otfpqnp4RhEehaGW1rL3ZqE=",
      "dev": true,
      "requires": {
        "@nodelib/fs.stat": "^2.0.2",
        "@nodelib/fs.walk": "^1.2.3",
        "glob-parent": "^5.1.2",
        "merge2": "^1.3.0",
        "micromatch": "^4.0.4"
      }
    },
    "fastq": {
      "version": "1.13.0",
      "resolved": "https://registry.nlark.com/fastq/download/fastq-1.13.0.tgz",
      "integrity": "sha1-YWdg+Ip1Jr38WWt8q4wYk4w2uYw=",
      "dev": true,
      "requires": {
        "reusify": "^1.0.4"
      }
    },
    "fill-range": {
      "version": "7.0.1",
      "resolved": "https://registry.npm.taobao.org/fill-range/download/fill-range-7.0.1.tgz",
      "integrity": "sha1-GRmmp8df44ssfHflGYU12prN2kA=",
      "dev": true,
      "requires": {
        "to-regex-range": "^5.0.1"
      }
    },
    "fsevents": {
      "version": "2.3.2",
      "resolved": "https://registry.npm.taobao.org/fsevents/download/fsevents-2.3.2.tgz?cache=0&sync_timestamp=1612536422255&other_urls=https%3A%2F%2Fregistry.npm.taobao.org%2Ffsevents%2Fdownload%2Ffsevents-2.3.2.tgz",
      "integrity": "sha1-ilJveLj99GI7cJ4Ll1xSwkwC/Ro=",
      "optional": true
    },
    "function-bind": {
      "version": "1.1.1",
      "resolved": "https://registry.npm.taobao.org/function-bind/download/function-bind-1.1.1.tgz",
      "integrity": "sha1-pWiZ0+o8m6uHS7l3O3xe3pL0iV0="
    },
    "glob-parent": {
      "version": "5.1.2",
      "resolved": "https://registry.npmmirror.com/glob-parent/download/glob-parent-5.1.2.tgz?cache=0&sync_timestamp=1632953810778&other_urls=https%3A%2F%2Fregistry.npmmirror.com%2Fglob-parent%2Fdownload%2Fglob-parent-5.1.2.tgz",
      "integrity": "sha1-hpgyxYA0/mikCTwX3BXoNA2EAcQ=",
      "dev": true,
      "requires": {
        "is-glob": "^4.0.1"
      }
    },
    "has": {
      "version": "1.0.3",
      "resolved": "https://registry.nlark.com/has/download/has-1.0.3.tgz?cache=0&sync_timestamp=1618847173393&other_urls=https%3A%2F%2Fregistry.nlark.com%2Fhas%2Fdownload%2Fhas-1.0.3.tgz",
      "integrity": "sha1-ci18v8H2qoJB8W3YFOAR4fQeh5Y=",
      "requires": {
        "function-bind": "^1.1.1"
      }
    },
    "has-flag": {
      "version": "4.0.0",
      "resolved": "https://registry.nlark.com/has-flag/download/has-flag-4.0.0.tgz?cache=0&sync_timestamp=1626715907927&other_urls=https%3A%2F%2Fregistry.nlark.com%2Fhas-flag%2Fdownload%2Fhas-flag-4.0.0.tgz",
      "integrity": "sha1-lEdx/ZyByBJlxNaUGGDaBrtZR5s=",
      "dev": true
    },
    "is-core-module": {
      "version": "2.8.0",
      "resolved": "https://registry.npmmirror.com/is-core-module/download/is-core-module-2.8.0.tgz?cache=0&sync_timestamp=1634236539354&other_urls=https%3A%2F%2Fregistry.npmmirror.com%2Fis-core-module%2Fdownload%2Fis-core-module-2.8.0.tgz",
      "integrity": "sha1-AyEzbD0JJeSX/Zf12VyxFKXM1Ug=",
      "requires": {
        "has": "^1.0.3"
      }
    },
    "is-extglob": {
      "version": "2.1.1",
      "resolved": "https://registry.nlark.com/is-extglob/download/is-extglob-2.1.1.tgz",
      "integrity": "sha1-qIwCU1eR8C7TfHahueqXc8gz+MI=",
      "dev": true
    },
    "is-glob": {
      "version": "4.0.3",
      "resolved": "https://registry.npmmirror.com/is-glob/download/is-glob-4.0.3.tgz",
      "integrity": "sha1-ZPYeQsu7LuwgcanawLKLoeZdUIQ=",
      "dev": true,
      "requires": {
        "is-extglob": "^2.1.1"
      }
    },
    "is-number": {
      "version": "7.0.0",
      "resolved": "https://registry.npm.taobao.org/is-number/download/is-number-7.0.0.tgz",
      "integrity": "sha1-dTU0W4lnNNX4DE0GxQlVUnoU8Ss=",
      "dev": true
    },
    "jiti": {
      "version": "1.12.9",
      "resolved": "https://registry.npmmirror.com/jiti/download/jiti-1.12.9.tgz?cache=0&sync_timestamp=1634564440798&other_urls=https%3A%2F%2Fregistry.npmmirror.com%2Fjiti%2Fdownload%2Fjiti-1.12.9.tgz",
      "integrity": "sha1-LORbJlz8jckevXClIEgHz5FSkbw=",
      "dev": true
    },
    "magic-string": {
      "version": "0.25.7",
      "resolved": "https://registry.nlark.com/magic-string/download/magic-string-0.25.7.tgz",
      "integrity": "sha1-P0l9b9NMZpxnmNy4IfLvMfVEUFE=",
      "requires": {
        "sourcemap-codec": "^1.4.4"
      }
    },
    "merge2": {
      "version": "1.4.1",
      "resolved": "https://registry.nlark.com/merge2/download/merge2-1.4.1.tgz",
      "integrity": "sha1-Q2iJL4hekHRVpv19xVwMnUBJkK4=",
      "dev": true
    },
    "micromatch": {
      "version": "4.0.4",
      "resolved": "https://registry.nlark.com/micromatch/download/micromatch-4.0.4.tgz",
      "integrity": "sha1-iW1Rnf6dsl/OlM63pQCRm/iB6/k=",
      "dev": true,
      "requires": {
        "braces": "^3.0.1",
        "picomatch": "^2.2.3"
      }
    },
    "ms": {
      "version": "2.1.2",
      "resolved": "https://registry.npmmirror.com/ms/download/ms-2.1.2.tgz",
      "integrity": "sha1-0J0fNXtEP0kzgqjrPM0YOHKuYAk=",
      "dev": true
    },
    "nanoid": {
      "version": "3.1.30",
      "resolved": "https://registry.npmmirror.com/nanoid/download/nanoid-3.1.30.tgz",
      "integrity": "sha1-Y/k8xUjSoRPcXfvGO/oJ4rm2Q2I="
    },
    "path-parse": {
      "version": "1.0.7",
      "resolved": "https://registry.nlark.com/path-parse/download/path-parse-1.0.7.tgz",
      "integrity": "sha1-+8EUtgykKzDZ2vWFjkvWi77bZzU="
    },
    "picocolors": {
      "version": "1.0.0",
      "resolved": "https://registry.npmmirror.com/picocolors/download/picocolors-1.0.0.tgz?cache=0&sync_timestamp=1634093378416&other_urls=https%3A%2F%2Fregistry.npmmirror.com%2Fpicocolors%2Fdownload%2Fpicocolors-1.0.0.tgz",
      "integrity": "sha1-y1vcdP8/UYkiNur3nWi8RFZKuBw="
    },
    "picomatch": {
      "version": "2.3.0",
      "resolved": "https://registry.nlark.com/picomatch/download/picomatch-2.3.0.tgz",
      "integrity": "sha1-8fBh3o9qS/AiiS4tEoI0+5gwKXI=",
      "dev": true
    },
    "postcss": {
      "version": "8.3.11",
      "resolved": "https://registry.npmmirror.com/postcss/download/postcss-8.3.11.tgz",
      "integrity": "sha1-w77KfqgRzV4cSj7G0udZnvH4+Fg=",
      "requires": {
        "nanoid": "^3.1.30",
        "picocolors": "^1.0.0",
        "source-map-js": "^0.6.2"
      }
    },
    "preact": {
      "version": "10.5.15",
      "resolved": "https://registry.npmmirror.com/preact/download/preact-10.5.15.tgz?cache=0&sync_timestamp=1634018488983&other_urls=https%3A%2F%2Fregistry.npmmirror.com%2Fpreact%2Fdownload%2Fpreact-10.5.15.tgz",
      "integrity": "sha1-bflNiv7PP54Qp0L9jDYt2rRkIl8="
    },
    "prismjs": {
      "version": "1.25.0",
      "resolved": "https://registry.nlark.com/prismjs/download/prismjs-1.25.0.tgz?cache=0&sync_timestamp=1631809164387&other_urls=https%3A%2F%2Fregistry.nlark.com%2Fprismjs%2Fdownload%2Fprismjs-1.25.0.tgz",
      "integrity": "sha1-b4It8b2tllc0sxCzFaIzFc+Zl1Y="
    },
    "queue-microtask": {
      "version": "1.2.3",
      "resolved": "https://registry.npm.taobao.org/queue-microtask/download/queue-microtask-1.2.3.tgz",
      "integrity": "sha1-SSkii7xyTfrEPg77BYyve2z7YkM=",
      "dev": true
    },
    "resolve": {
      "version": "1.20.0",
      "resolved": "https://registry.nlark.com/resolve/download/resolve-1.20.0.tgz?cache=0&sync_timestamp=1618846903792&other_urls=https%3A%2F%2Fregistry.nlark.com%2Fresolve%2Fdownload%2Fresolve-1.20.0.tgz",
      "integrity": "sha1-YpoBP7P3B1XW8LeTXMHCxTeLGXU=",
      "requires": {
        "is-core-module": "^2.2.0",
        "path-parse": "^1.0.6"
      }
    },
    "reusify": {
      "version": "1.0.4",
      "resolved": "https://registry.npm.taobao.org/reusify/download/reusify-1.0.4.tgz",
      "integrity": "sha1-kNo4Kx4SbvwCFG6QhFqI2xKSXXY=",
      "dev": true
    },
    "rollup": {
      "version": "2.58.1",
      "resolved": "https://registry.npmmirror.com/rollup/download/rollup-2.58.1.tgz",
      "integrity": "sha1-uaD55gESnZpGhrfsMVkJX3pzgl8=",
      "requires": {
        "fsevents": "~2.3.2"
      }
    },
    "run-parallel": {
      "version": "1.2.0",
      "resolved": "https://registry.npm.taobao.org/run-parallel/download/run-parallel-1.2.0.tgz",
      "integrity": "sha1-ZtE2jae9+SHrnZW9GpIp5/IaQ+4=",
      "dev": true,
      "requires": {
        "queue-microtask": "^1.2.2"
      }
    },
    "source-map": {
      "version": "0.6.1",
      "resolved": "https://registry.npm.taobao.org/source-map/download/source-map-0.6.1.tgz",
      "integrity": "sha1-dHIq8y6WFOnCh6jQu95IteLxomM="
    },
    "source-map-js": {
      "version": "0.6.2",
      "resolved": "https://registry.nlark.com/source-map-js/download/source-map-js-0.6.2.tgz",
      "integrity": "sha1-C7XeYxtBz72mz7qL0FqA79/SOF4="
    },
    "sourcemap-codec": {
      "version": "1.4.8",
      "resolved": "https://registry.nlark.com/sourcemap-codec/download/sourcemap-codec-1.4.8.tgz",
      "integrity": "sha1-6oBL2UhXQC5pktBaOO8a41qatMQ="
    },
    "supports-color": {
      "version": "7.2.0",
      "resolved": "https://registry.nlark.com/supports-color/download/supports-color-7.2.0.tgz?cache=0&sync_timestamp=1626703400240&other_urls=https%3A%2F%2Fregistry.nlark.com%2Fsupports-color%2Fdownload%2Fsupports-color-7.2.0.tgz",
      "integrity": "sha1-G33NyzK4E4gBs+R4umpRyqiWSNo=",
      "dev": true,
      "requires": {
        "has-flag": "^4.0.0"
      }
    },
    "to-regex-range": {
      "version": "5.0.1",
      "resolved": "https://registry.nlark.com/to-regex-range/download/to-regex-range-5.0.1.tgz",
      "integrity": "sha1-FkjESq58jZiKMmAY7XL1tN0DkuQ=",
      "dev": true,
      "requires": {
        "is-number": "^7.0.0"
      }
    },
    "vite": {
      "version": "2.6.11",
      "resolved": "https://registry.npmmirror.com/vite/download/vite-2.6.11.tgz?cache=0&sync_timestamp=1635159614208&other_urls=https%3A%2F%2Fregistry.npmmirror.com%2Fvite%2Fdownload%2Fvite-2.6.11.tgz",
      "integrity": "sha1-INPY9LT+OJBKLkJTVqqxyyMyXhI=",
      "requires": {
        "esbuild": "^0.13.2",
        "fsevents": "~2.3.2",
        "postcss": "^8.3.8",
        "resolve": "^1.20.0",
        "rollup": "^2.57.0"
      }
    },
    "vite-plugin-windicss": {
      "version": "1.4.12",
      "resolved": "https://registry.npmmirror.com/vite-plugin-windicss/download/vite-plugin-windicss-1.4.12.tgz",
      "integrity": "sha1-owH9VUQlBCtf2uxWK9EaWg/L8Xg=",
      "dev": true,
      "requires": {
        "@windicss/plugin-utils": "1.4.12",
        "chalk": "^4.1.2",
        "debug": "^4.3.2",
        "windicss": "^3.1.9"
      }
    },
    "vitepress": {
      "version": "0.20.0",
      "resolved": "https://registry.npmmirror.com/vitepress/download/vitepress-0.20.0.tgz",
      "integrity": "sha1-60+Gq7epDp3FLFlftcxjyitxfGA=",
      "requires": {
        "@docsearch/css": "^1.0.0-alpha.28",
        "@docsearch/js": "^1.0.0-alpha.28",
        "@vitejs/plugin-vue": "^1.9.0",
        "prismjs": "^1.25.0",
        "vite": "^2.6.5",
        "vue": "^3.2.19"
      }
    },
    "vue": {
      "version": "3.2.20",
      "resolved": "https://registry.npmmirror.com/vue/download/vue-3.2.20.tgz?cache=0&sync_timestamp=1633712767060&other_urls=https%3A%2F%2Fregistry.npmmirror.com%2Fvue%2Fdownload%2Fvue-3.2.20.tgz",
      "integrity": "sha1-lA+KqL8+O+eCQ8pYK61B/NRa4+Y=",
      "requires": {
        "@vue/compiler-dom": "3.2.20",
        "@vue/compiler-sfc": "3.2.20",
        "@vue/runtime-dom": "3.2.20",
        "@vue/server-renderer": "3.2.20",
        "@vue/shared": "3.2.20"
      }
    },
    "vue-router": {
      "version": "4.0.12",
      "resolved": "https://registry.npmmirror.com/vue-router/download/vue-router-4.0.12.tgz?cache=0&sync_timestamp=1634663761461&other_urls=https%3A%2F%2Fregistry.npmmirror.com%2Fvue-router%2Fdownload%2Fvue-router-4.0.12.tgz",
      "integrity": "sha1-jceSzd9bsavMOQj5BkE23n4TxGA=",
      "requires": {
        "@vue/devtools-api": "^6.0.0-beta.18"
      }
    },
    "windicss": {
      "version": "3.1.9",
      "resolved": "https://registry.npmmirror.com/windicss/download/windicss-3.1.9.tgz",
      "integrity": "sha1-5D2SQWhCLvp0PIIjYHw69H0tApE=",
      "dev": true
    }
  }
}
